FORGE
  remote: https://forgeapi.puppetlabs.com
  specs:
    aco-mysql_yumrepo (1.0.1)
    continuent-percona_repo (0.1.5)
      puppetlabs-apt (>= 1.4.0)
    flakrat-repo_epel (1.0.2)
      puppetlabs-stdlib (>= 2.0.0)
    proletaryo-supervisor (0.4.0)
    puppetlabs-apt (1.6.0)
      puppetlabs-stdlib (>= 2.2.1)
    puppetlabs-mysql (2.3.1)
      puppetlabs-stdlib (>= 3.2.0)
    puppetlabs-stdlib (4.3.2)

DEPENDENCIES
  aco-mysql_yumrepo (>= 0)
  continuent-percona_repo (>= 0)
  flakrat-repo_epel (>= 0)
  proletaryo-supervisor (>= 0)
  puppetlabs-mysql (>= 0)

